{
  "name": "playground",
  "version": "0.0.1",
  "lockfileVersion": 3,
  "requires": true,
  "packages": {
    "": {
      "version": "0.0.1",
      "license": "MIT",
      "dependencies": {
        "@linked-db/linked-ql": "^1.1.19",
        "@webqit/fetch-plus": "^0.1.39",
        "@webqit/node-live-response": "^0.1.23"
      }
    },
    "node_modules/@linked-db/linked-ql": {
      "version": "1.1.19",
      "resolved": "https://registry.npmjs.org/@linked-db/linked-ql/-/linked-ql-1.1.19.tgz",
      "integrity": "sha512-vCmPq6+WyG8VlO7rVfRu8W1WHCtzvOL7kQDuEfxUBOuK0IwLGA9w+93ShrEc+oM1+s2rK6eg9lppwqKd6AQVDQ==",
      "license": "MIT",
      "dependencies": {
        "@webqit/util": "^0.8.19",
        "dotenv": "^16.4.5",
        "enquirer": "^2.4.1",
        "mariadb": "^3.3.1",
        "mysql2": "^3.15.2",
        "pg": "^8.11.3",
        "pg-cursor": "^2.15.3",
        "pg-logical-replication": "^2.2.0",
        "yaml": "^2.5.0"
      },
      "peerDependencies": {
        "@webqit/fetch-plus": "^0.1.39",
        "@webqit/observer": "^3.8.22",
        "@webqit/port-plus": "^0.1.24"
      }
    },
    "node_modules/@types/geojson": {
      "version": "7946.0.16",
      "resolved": "https://registry.npmjs.org/@types/geojson/-/geojson-7946.0.16.tgz",
      "integrity": "sha512-6C8nqWur3j98U6+lXDfTUWIfgvZU+EumvpHKcYjujKH7woYyLj2sUmff0tRhrqM7BohUw7Pz3ZB1jj2gW9Fvmg==",
      "license": "MIT"
    },
    "node_modules/@types/node": {
      "version": "26.1.0",
      "resolved": "https://registry.npmjs.org/@types/node/-/node-26.1.0.tgz",
      "integrity": "sha512-O0A1G3xPGy4w7AgQdAQYUlQ+BKk2Oovw8eRpofyp5KdBZULnbe+WqaOVNrm705SHphCiG4XHsACrSmPu1f+Kgw==",
      "license": "MIT",
      "dependencies": {
        "undici-types": "~8.3.0"
      }
    },
    "node_modules/@webqit/fetch-plus": {
      "version": "0.1.39",
      "resolved": "https://registry.npmjs.org/@webqit/fetch-plus/-/fetch-plus-0.1.39.tgz",
      "integrity": "sha512-AzJjGq+lcN69NYP2Dts6btTc8K/b1pt9FYgHR1okMHfoc/uNOjHdsD3BYJ9CsT62iJODTYL6JnUY1+Irw9v05w==",
      "license": "MIT",
      "dependencies": {
        "@webqit/util": "^0.8.19"
      },
      "peerDependencies": {
        "@webqit/observer": "^3.8.22",
        "@webqit/port-plus": "^0.1.24",
        "@webqit/url-plus": "^0.1.9"
      }
    },
    "node_modules/@webqit/node-live-response": {
      "version": "0.1.23",
      "resolved": "https://registry.npmjs.org/@webqit/node-live-response/-/node-live-response-0.1.23.tgz",
      "integrity": "sha512-Jagvf8cnY9uRL/7xVrOmZvUbjGFiBg9YnQyzAdsFVTPY7beec3bLNvopal805X78WJVXjML4ibrGmghNFIyOww==",
      "license": "MIT",
      "dependencies": {
        "@webqit/fetch-plus": "^0.1.39",
        "@webqit/port-plus": "^0.1.24",
        "ws": "^8.19.0"
      }
    },
    "node_modules/@webqit/observer": {
      "version": "3.8.22",
      "resolved": "https://registry.npmjs.org/@webqit/observer/-/observer-3.8.22.tgz",
      "integrity": "sha512-zBifzm0S/4395qEE5RDAOTHrIiQxVvxqec1O1w8D3Zz1E++oHEKtTDs1gVkJLFstQZGyKekxKKY3DCSf4e4IKQ==",
      "license": "MIT",
      "peer": true,
      "dependencies": {
        "@webqit/util": "^0.8.19"
      }
    },
    "node_modules/@webqit/port-plus": {
      "version": "0.1.24",
      "resolved": "https://registry.npmjs.org/@webqit/port-plus/-/port-plus-0.1.24.tgz",
      "integrity": "sha512-SPhQmu04JcR9I3QATAJORcADEPfux3kCz5rvliB/1JsPx7Prw8Gb9J7J8lr+ObGRWu7GpOzjcGX5JoCgs9UHAg==",
      "license": "MIT",
      "dependencies": {
        "@webqit/util": "^0.8.19"
      },
      "peerDependencies": {
        "@webqit/observer": "^3.8.22"
      }
    },
    "node_modules/@webqit/url-plus": {
      "version": "0.1.9",
      "resolved": "https://registry.npmjs.org/@webqit/url-plus/-/url-plus-0.1.9.tgz",
      "integrity": "sha512-LQw+RW3K7CCLBfpprbFSCqMYWAJ7ZbXXHhYA2kHoSPQVwuYZh8uqFMTj46+cH6wi70mSZHGO2KF+Pij+uXjw1Q==",
      "license": "MIT",
      "peer": true,
      "dependencies": {
        "@webqit/util": "^0.8.19",
        "urlpattern-polyfill": "^10.1.0"
      },
      "peerDependencies": {
        "@webqit/observer": "^3.8.22"
      }
    },
    "node_modules/@webqit/util": {
      "version": "0.8.19",
      "resolved": "https://registry.npmjs.org/@webqit/util/-/util-0.8.19.tgz",
      "integrity": "sha512-mQt4a+Yui3VpcW/0OXzWMEqOoiRIyMeGpgZsYaGAxE02Upk3dkIhk028/PnoGRHPidonyHwarM/yrCy4gow+8w==",
      "license": "MIT"
    },
    "node_modules/ansi-colors": {
      "version": "4.1.3",
      "resolved": "https://registry.npmjs.org/ansi-colors/-/ansi-colors-4.1.3.tgz",
      "integrity": "sha512-/6w/C21Pm1A7aZitlI5Ni/2J6FFQN8i1Cvz3kHABAAbw93v/NlvKdVOqz7CCWz/3iv/JplRSEEZ83XION15ovw==",
      "license": "MIT",
      "engines": {
        "node": ">=6"
      }
    },
    "node_modules/ansi-regex": {
      "version": "5.0.1",
      "resolved": "https://registry.npmjs.org/ansi-regex/-/ansi-regex-5.0.1.tgz",
      "integrity": "sha512-quJQXlTSUGL2LH9SUXo8VwsY4soanhgo6LNSm84E1LBcE8s3O0wpdiRzyR9z/ZZJMlMWv37qOOb9pdJlMUEKFQ==",
      "license": "MIT",
      "engines": {
        "node": ">=8"
      }
    },
    "node_modules/aws-ssl-profiles": {
      "version": "1.1.2",
      "resolved": "https://registry.npmjs.org/aws-ssl-profiles/-/aws-ssl-profiles-1.1.2.tgz",
      "integrity": "sha512-NZKeq9AfyQvEeNlN0zSYAaWrmBffJh3IELMZfRpJVWgrpEbtEpnjvzqBPf+mxoI287JohRDoa+/nsfqqiZmF6g==",
      "license": "MIT",
      "engines": {
        "node": ">= 6.0.0"
      }
    },
    "node_modules/denque": {
      "version": "2.1.0",
      "resolved": "https://registry.npmjs.org/denque/-/denque-2.1.0.tgz",
      "integrity": "sha512-HVQE3AAb/pxF8fQAoiqpvg9i3evqug3hoiwakOyZAwJm+6vZehbkYXZ0l4JxS+I3QxM97v5aaRNhj8v5oBhekw==",
      "license": "Apache-2.0",
      "engines": {
        "node": ">=0.10"
      }
    },
    "node_modules/dotenv": {
      "version": "16.6.1",
      "resolved": "https://registry.npmjs.org/dotenv/-/dotenv-16.6.1.tgz",
      "integrity": "sha512-uBq4egWHTcTt33a72vpSG0z3HnPuIl6NqYcTrKEg2azoEyl2hpW0zqlxysq2pK9HlDIHyHyakeYaYnSAwd8bow==",
      "license": "BSD-2-Clause",
      "engines": {
        "node": ">=12"
      },
      "funding": {
        "url": "https://dotenvx.com"
      }
    },
    "node_modules/enquirer": {
      "version": "2.4.1",
      "resolved": "https://registry.npmjs.org/enquirer/-/enquirer-2.4.1.tgz",
      "integrity": "sha512-rRqJg/6gd538VHvR3PSrdRBb/1Vy2YfzHqzvbhGIQpDRKIa4FgV/54b5Q1xYSxOOwKvjXweS26E0Q+nAMwp2pQ==",
      "license": "MIT",
      "dependencies": {
        "ansi-colors": "^4.1.1",
        "strip-ansi": "^6.0.1"
      },
      "engines": {
        "node": ">=8.6"
      }
    },
    "node_modules/eventemitter2": {
      "version": "6.4.9",
      "resolved": "https://registry.npmjs.org/eventemitter2/-/eventemitter2-6.4.9.tgz",
      "integrity": "sha512-JEPTiaOt9f04oa6NOkc4aH+nVp5I3wEjpHbIPqfgCdD5v5bUzy7xQqwcVO2aDQgOWhI28da57HksMrzK9HlRxg==",
      "license": "MIT"
    },
    "node_modules/generate-function": {
      "version": "2.3.1",
      "resolved": "https://registry.npmjs.org/generate-function/-/generate-function-2.3.1.tgz",
      "integrity": "sha512-eeB5GfMNeevm/GRYq20ShmsaGcmI81kIX2K9XQx5miC8KdHaC6Jm0qQ8ZNeGOi7wYB8OsdxKs+Y2oVuTFuVwKQ==",
      "license": "MIT",
      "dependencies": {
        "is-property": "^1.0.2"
      }
    },
    "node_modules/iconv-lite": {
      "version": "0.7.2",
      "resolved": "https://registry.npmjs.org/iconv-lite/-/iconv-lite-0.7.2.tgz",
      "integrity": "sha512-im9DjEDQ55s9fL4EYzOAv0yMqmMBSZp6G0VvFyTMPKWxiSBHUj9NW/qqLmXUwXrrM7AvqSlTCfvqRb0cM8yYqw==",
      "license": "MIT",
      "dependencies": {
        "safer-buffer": ">= 2.1.2 < 3.0.0"
      },
      "engines": {
        "node": ">=0.10.0"
      },
      "funding": {
        "type": "opencollective",
        "url": "https://opencollective.com/express"
      }
    },
    "node_modules/is-property": {
      "version": "1.0.2",
      "resolved": "https://registry.npmjs.org/is-property/-/is-property-1.0.2.tgz",
      "integrity": "sha512-Ks/IoX00TtClbGQr4TWXemAnktAQvYB7HzcCxDGqEZU6oCmb2INHuOoKxbtR+HFkmYWBKv/dOZtGRiAjDhj92g==",
      "license": "MIT"
    },
    "node_modules/long": {
      "version": "5.3.2",
      "resolved": "https://registry.npmjs.org/long/-/long-5.3.2.tgz",
      "integrity": "sha512-mNAgZ1GmyNhD7AuqnTG3/VQ26o760+ZYBPKjPvugO8+nLbYfX6TVpJPseBvopbdY+qpZ/lKUnmEc1LeZYS3QAA==",
      "license": "Apache-2.0"
    },
    "node_modules/lru-cache": {
      "version": "11.5.1",
      "resolved": "https://registry.npmjs.org/lru-cache/-/lru-cache-11.5.1.tgz",
      "integrity": "sha512-RPimw/7aMdv2oqRrxKwvZXcPfwBrn/JZ2xYcY9Hus/6LaS3VOAKVWKWgNLCFSiOm1ESXinjsDlidVU7JlnCN2A==",
      "license": "BlueOak-1.0.0",
      "engines": {
        "node": "20 || >=22"
      }
    },
    "node_modules/lru.min": {
      "version": "1.1.4",
      "resolved": "https://registry.npmjs.org/lru.min/-/lru.min-1.1.4.tgz",
      "integrity": "sha512-DqC6n3QQ77zdFpCMASA1a3Jlb64Hv2N2DciFGkO/4L9+q/IpIAuRlKOvCXabtRW6cQf8usbmM6BE/TOPysCdIA==",
      "license": "MIT",
      "engines": {
        "bun": ">=1.0.0",
        "deno": ">=1.30.0",
        "node": ">=8.0.0"
      },
      "funding": {
        "type": "github",
        "url": "https://github.com/sponsors/wellwelwel"
      }
    },
    "node_modules/mariadb": {
      "version": "3.5.3",
      "resolved": "https://registry.npmjs.org/mariadb/-/mariadb-3.5.3.tgz",
      "integrity": "sha512-i053Kc0MgdUv/hu9mCyq67TYfPXFj3/MV8I7ZW5wvJNixIyXC0VztMPUjIVj/449nQo+BsxFD4Fdk/sA/uqKPQ==",
      "license": "LGPL-2.1-or-later",
      "dependencies": {
        "@types/geojson": "^7946.0.16",
        "@types/node": ">=20",
        "denque": "^2.1.0",
        "iconv-lite": "^0.7.2",
        "lru-cache": "^11.5.0"
      },
      "engines": {
        "node": ">= 20.0.0"
      }
    },
    "node_modules/mysql2": {
      "version": "3.22.5",
      "resolved": "https://registry.npmjs.org/mysql2/-/mysql2-3.22.5.tgz",
      "integrity": "sha512-95uZ2TrPWAZdwpB3vvvDbmEMcNG8yIeNCyu6GUcr/QnWEE/wXm7+mhOCsdQfWQDTV7qYT/PDUZ4U4UPP4AsXqQ==",
      "license": "MIT",
      "dependencies": {
        "aws-ssl-profiles": "^1.1.2",
        "denque": "^2.1.0",
        "generate-function": "^2.3.1",
        "iconv-lite": "^0.7.2",
        "long": "^5.3.2",
        "lru.min": "^1.1.4",
        "named-placeholders": "^1.1.6",
        "sql-escaper": "^1.3.3"
      },
      "engines": {
        "node": ">= 8.0"
      },
      "peerDependencies": {
        "@types/node": ">= 8"
      }
    },
    "node_modules/named-placeholders": {
      "version": "1.1.6",
      "resolved": "https://registry.npmjs.org/named-placeholders/-/named-placeholders-1.1.6.tgz",
      "integrity": "sha512-Tz09sEL2EEuv5fFowm419c1+a/jSMiBjI9gHxVLrVdbUkkNUUfjsVYs9pVZu5oCon/kmRh9TfLEObFtkVxmY0w==",
      "license": "MIT",
      "dependencies": {
        "lru.min": "^1.1.0"
      },
      "engines": {
        "node": ">=8.0.0"
      }
    },
    "node_modules/pg": {
      "version": "8.22.0",
      "resolved": "https://registry.npmjs.org/pg/-/pg-8.22.0.tgz",
      "integrity": "sha512-8wih1vVIBMxoUM2oB4soJsD9tDnDpLv4OXBJ+EJzFsvycD+lfyIreC2gGHq78f8jbLLt+bvlPTFdFZfJkOuzAA==",
      "license": "MIT",
      "dependencies": {
        "pg-connection-string": "^2.14.0",
        "pg-pool": "^3.14.0",
        "pg-protocol": "^1.15.0",
        "pg-types": "2.2.0",
        "pgpass": "1.0.5"
      },
      "engines": {
        "node": ">= 16.0.0"
      },
      "optionalDependencies": {
        "pg-cloudflare": "^1.4.0"
      },
      "peerDependencies": {
        "pg-native": ">=3.0.1"
      },
      "peerDependenciesMeta": {
        "pg-native": {
          "optional": true
        }
      }
    },
    "node_modules/pg-cloudflare": {
      "version": "1.4.0",
      "resolved": "https://registry.npmjs.org/pg-cloudflare/-/pg-cloudflare-1.4.0.tgz",
      "integrity": "sha512-Vo7z/6rrQYxpNRylp4Tlob2elzbh+N/MOQbxFVWCxS7oEx6jF53GTJFxK2WWpKuBRkmiin4Mt+xofFDjx09R0A==",
      "license": "MIT",
      "optional": true
    },
    "node_modules/pg-connection-string": {
      "version": "2.14.0",
      "resolved": "https://registry.npmjs.org/pg-connection-string/-/pg-connection-string-2.14.0.tgz",
      "integrity": "sha512-XwWDGcLRGCXAR8F/AM5bG7Q+A3Wm2s6QeEjlOKZLlH3UYcguiqCWKyWXVag5TLTIjR7oOJUY8kcADaZgWPyLeg==",
      "license": "MIT"
    },
    "node_modules/pg-cursor": {
      "version": "2.21.0",
      "resolved": "https://registry.npmjs.org/pg-cursor/-/pg-cursor-2.21.0.tgz",
      "integrity": "sha512-IYvk/j+Suhtbo/C3uOf4JLsLK/gWxOTUOmYbDsbKnLaVJDq+KwhwK6ngpRfiCk8eDMS3AmGQABZCv0cREEzHQw==",
      "license": "MIT",
      "peerDependencies": {
        "pg": "^8"
      }
    },
    "node_modules/pg-int8": {
      "version": "1.0.1",
      "resolved": "https://registry.npmjs.org/pg-int8/-/pg-int8-1.0.1.tgz",
      "integrity": "sha512-WCtabS6t3c8SkpDBUlb1kjOs7l66xsGdKpIPZsg4wR+B3+u9UAum2odSsF9tnvxg80h4ZxLWMy4pRjOsFIqQpw==",
      "license": "ISC",
      "engines": {
        "node": ">=4.0.0"
      }
    },
    "node_modules/pg-logical-replication": {
      "version": "2.5.0",
      "resolved": "https://registry.npmjs.org/pg-logical-replication/-/pg-logical-replication-2.5.0.tgz",
      "integrity": "sha512-5nzrBxiZBTRCWbu1wfzOVG2+BUPpcG+r8yUZW5ld+ia+kgSWwRxI3GukYp0f+/7L+3ecWuUnIMmEC4/CL8bGLg==",
      "license": "MIT",
      "dependencies": {
        "eventemitter2": ">=6.4.0",
        "pg": ">=6.2.2"
      },
      "engines": {
        "node": ">=20.0.0"
      }
    },
    "node_modules/pg-pool": {
      "version": "3.14.0",
      "resolved": "https://registry.npmjs.org/pg-pool/-/pg-pool-3.14.0.tgz",
      "integrity": "sha512-gKtPkFdQPU3DksooVLi9LsjZxrsBUZIpa+7aVx+LV5pNh0KzP4Zleud2po+ConrxbuXGBJ6Hfer6hdgpIBpBaw==",
      "license": "MIT",
      "peerDependencies": {
        "pg": ">=8.0"
      }
    },
    "node_modules/pg-protocol": {
      "version": "1.15.0",
      "resolved": "https://registry.npmjs.org/pg-protocol/-/pg-protocol-1.15.0.tgz",
      "integrity": "sha512-cq9sECI5s0+uPUXjbz8ioyPJni6RzsRib0US67i5IoTZKw8fNeYlVE7u8F4dG7vEJJtc5wdD1K189lCCUwqWTQ==",
      "license": "MIT"
    },
    "node_modules/pg-types": {
      "version": "2.2.0",
      "resolved": "https://registry.npmjs.org/pg-types/-/pg-types-2.2.0.tgz",
      "integrity": "sha512-qTAAlrEsl8s4OiEQY69wDvcMIdQN6wdz5ojQiOy6YRMuynxenON0O5oCpJI6lshc6scgAY8qvJ2On/p+CXY0GA==",
      "license": "MIT",
      "dependencies": {
        "pg-int8": "1.0.1",
        "postgres-array": "~2.0.0",
        "postgres-bytea": "~1.0.0",
        "postgres-date": "~1.0.4",
        "postgres-interval": "^1.1.0"
      },
      "engines": {
        "node": ">=4"
      }
    },
    "node_modules/pgpass": {
      "version": "1.0.5",
      "resolved": "https://registry.npmjs.org/pgpass/-/pgpass-1.0.5.tgz",
      "integrity": "sha512-FdW9r/jQZhSeohs1Z3sI1yxFQNFvMcnmfuj4WBMUTxOrAyLMaTcE1aAMBiTlbMNaXvBCQuVi0R7hd8udDSP7ug==",
      "license": "MIT",
      "dependencies": {
        "split2": "^4.1.0"
      }
    },
    "node_modules/postgres-array": {
      "version": "2.0.0",
      "resolved": "https://registry.npmjs.org/postgres-array/-/postgres-array-2.0.0.tgz",
      "integrity": "sha512-VpZrUqU5A69eQyW2c5CA1jtLecCsN2U/bD6VilrFDWq5+5UIEVO7nazS3TEcHf1zuPYO/sqGvUvW62g86RXZuA==",
      "license": "MIT",
      "engines": {
        "node": ">=4"
      }
    },
    "node_modules/postgres-bytea": {
      "version": "1.0.1",
      "resolved": "https://registry.npmjs.org/postgres-bytea/-/postgres-bytea-1.0.1.tgz",
      "integrity": "sha512-5+5HqXnsZPE65IJZSMkZtURARZelel2oXUEO8rH83VS/hxH5vv1uHquPg5wZs8yMAfdv971IU+kcPUczi7NVBQ==",
      "license": "MIT",
      "engines": {
        "node": ">=0.10.0"
      }
    },
    "node_modules/postgres-date": {
      "version": "1.0.7",
      "resolved": "https://registry.npmjs.org/postgres-date/-/postgres-date-1.0.7.tgz",
      "integrity": "sha512-suDmjLVQg78nMK2UZ454hAG+OAW+HQPZ6n++TNDUX+L0+uUlLywnoxJKDou51Zm+zTCjrCl0Nq6J9C5hP9vK/Q==",
      "license": "MIT",
      "engines": {
        "node": ">=0.10.0"
      }
    },
    "node_modules/postgres-interval": {
      "version": "1.2.0",
      "resolved": "https://registry.npmjs.org/postgres-interval/-/postgres-interval-1.2.0.tgz",
      "integrity": "sha512-9ZhXKM/rw350N1ovuWHbGxnGh/SNJ4cnxHiM0rxE4VN41wsg8P8zWn9hv/buK00RP4WvlOyr/RBDiptyxVbkZQ==",
      "license": "MIT",
      "dependencies": {
        "xtend": "^4.0.0"
      },
      "engines": {
        "node": ">=0.10.0"
      }
    },
    "node_modules/safer-buffer": {
      "version": "2.1.2",
      "resolved": "https://registry.npmjs.org/safer-buffer/-/safer-buffer-2.1.2.tgz",
      "integrity": "sha512-YZo3K82SD7Riyi0E1EQPojLz7kpepnSQI9IyPbHHg1XXXevb5dJI7tpyN2ADxGcQbHG7vcyRHk0cbwqcQriUtg==",
      "license": "MIT"
    },
    "node_modules/split2": {
      "version": "4.2.0",
      "resolved": "https://registry.npmjs.org/split2/-/split2-4.2.0.tgz",
      "integrity": "sha512-UcjcJOWknrNkF6PLX83qcHM6KHgVKNkV62Y8a5uYDVv9ydGQVwAHMKqHdJje1VTWpljG0WYpCDhrCdAOYH4TWg==",
      "license": "ISC",
      "engines": {
        "node": ">= 10.x"
      }
    },
    "node_modules/sql-escaper": {
      "version": "1.3.3",
      "resolved": "https://registry.npmjs.org/sql-escaper/-/sql-escaper-1.3.3.tgz",
      "integrity": "sha512-BsTCV265VpTp8tm1wyIm1xqQCS+Q9NHx2Sr+WcnUrgLrQ6yiDIvHYJV5gHxsj1lMBy2zm5twLaZao8Jd+S8JJw==",
      "license": "MIT",
      "engines": {
        "bun": ">=1.0.0",
        "deno": ">=2.0.0",
        "node": ">=12.0.0"
      },
      "funding": {
        "type": "github",
        "url": "https://github.com/mysqljs/sql-escaper?sponsor=1"
      }
    },
    "node_modules/strip-ansi": {
      "version": "6.0.1",
      "resolved": "https://registry.npmjs.org/strip-ansi/-/strip-ansi-6.0.1.tgz",
      "integrity": "sha512-Y38VPSHcqkFrCpFnQ9vuSXmquuv5oXOKpGeT6aGrr3o3Gc9AlVa6JBfUSOCnbxGGZF+/0ooI7KrPuUSztUdU5A==",
      "license": "MIT",
      "dependencies": {
        "ansi-regex": "^5.0.1"
      },
      "engines": {
        "node": ">=8"
      }
    },
    "node_modules/undici-types": {
      "version": "8.3.0",
      "resolved": "https://registry.npmjs.org/undici-types/-/undici-types-8.3.0.tgz",
      "integrity": "sha512-j375ScV60dom+YkPFIfTLcOiPxkN/buHz5GobjLhixFuANaNs3C9l4GmrWqejgXWJ7BbJcFYpTEUkS1Ge8bpZQ==",
      "license": "MIT"
    },
    "node_modules/urlpattern-polyfill": {
      "version": "10.1.0",
      "resolved": "https://registry.npmjs.org/urlpattern-polyfill/-/urlpattern-polyfill-10.1.0.tgz",
      "integrity": "sha512-IGjKp/o0NL3Bso1PymYURCJxMPNAf/ILOpendP9f5B6e1rTJgdgiOvgfoT8VxCAdY+Wisb9uhGaJJf3yZ2V9nw==",
      "license": "MIT",
      "peer": true
    },
    "node_modules/ws": {
      "version": "8.21.0",
      "resolved": "https://registry.npmjs.org/ws/-/ws-8.21.0.tgz",
      "integrity": "sha512-Vsp28b7DRcimFQvrqu2Wek3z1iYxDCWqHYB8Qsnk/S4RfaCQzPGPyBNuVjJV3cd6UiKtUtp6sNM77gWvzcCH+g==",
      "license": "MIT",
      "engines": {
        "node": ">=10.0.0"
      },
      "peerDependencies": {
        "bufferutil": "^4.0.1",
        "utf-8-validate": ">=5.0.2"
      },
      "peerDependenciesMeta": {
        "bufferutil": {
          "optional": true
        },
        "utf-8-validate": {
          "optional": true
        }
      }
    },
    "node_modules/xtend": {
      "version": "4.0.2",
      "resolved": "https://registry.npmjs.org/xtend/-/xtend-4.0.2.tgz",
      "integrity": "sha512-LKYU1iAXJXUgAXn9URjiu+MWhyUXHsvfp7mcuYm9dSUKK0/CjtrUwFAxD82/mCWbtLsGjFIad0wIsod4zrTAEQ==",
      "license": "MIT",
      "engines": {
        "node": ">=0.4"
      }
    },
    "node_modules/yaml": {
      "version": "2.9.0",
      "resolved": "https://registry.npmjs.org/yaml/-/yaml-2.9.0.tgz",
      "integrity": "sha512-2AvhNX3mb8zd6Zy7INTtSpl1F15HW6Wnqj0srWlkKLcpYl/gMIMJiyuGq2KeI2YFxUPjdlB+3Lc10seMLtL4cA==",
      "license": "ISC",
      "bin": {
        "yaml": "bin.mjs"
      },
      "engines": {
        "node": ">= 14.6"
      },
      "funding": {
        "url": "https://github.com/sponsors/eemeli"
      }
    }
  }
}
